// !$*UTF8*$!
{
	archiveVersion = 1;
	classes = {
	};
	objectVersion = 46;
	objects = {

/* Begin PBXBuildFile section */
		B3FB5D2D1C444F75000C906F /* AppDelegate.swift in Sources */ = {isa = PBXBuildFile; fileRef = B3FB5D2C1C444F75000C906F /* AppDelegate.swift */; };
		B3FB5D2F1C444F75000C906F /* ViewController.swift in Sources */ = {isa = PBXBuildFile; fileRef = B3FB5D2E1C444F75000C906F /* ViewController.swift */; };
		B3FB5D321C444F75000C906F /* Main.storyboard in Resources */ = {isa = PBXBuildFile; fileRef = B3FB5D301C444F75000C906F /* Main.storyboard */; };
		B3FB5D341C444F75000C906F /* Assets.xcassets in Resources */ = {isa = PBXBuildFile; fileRef = B3FB5D331C444F75000C906F /* Assets.xcassets */; };
		B3FB5D371C444F75000C906F /* LaunchScreen.storyboard in Resources */ = {isa = PBXBuildFile; fileRef = B3FB5D351C444F75000C906F /* LaunchScreen.storyboard */; };
/* End PBXBuildFile section */

/* Begin PBXFileReference section */
		B3FB5D291C444F75000C906F /* MovieViewer.app */ = {isa = PBXFileReference; explicitFileType = wrapper.application; includeInIndex = 0; path = MovieViewer.app; sourceTree = BUILT_PRODUCTS_DIR; };
		B3FB5D2C1C444F75000C906F /* AppDelegate.swift */ = {isa = PBXFileReference; lastKnownFileType = sourcecode.swift; path = AppDelegate.swift; sourceTree = "<group>"; };
		B3FB5D2E1C444F75000C906F /* ViewController.swift */ = {isa = PBXFileReference; lastKnownFileType = sourcecode.swift; path = ViewController.swift; sourceTree = "<group>"; };
		B3FB5D311C444F75000C906F /* Base */ = {isa = PBXFileReference; lastKnownFileType = file.storyboard; name = Base; path = Base.lproj/Main.storyboard; sourceTree = "<group>"; };
		B3FB5D331C444F75000C906F /* Assets.xcassets */ = {isa = PBXFileReference; lastKnownFileType = folder.assetcatalog; path = Assets.xcassets; sourceTree = "<group>"; };
		B3FB5D361C444F75000C906F /* Base */ = {isa = PBXFileReference; lastKnownFileType = file.storyboard; name = Base; path = Base.lproj/LaunchScreen.storyboard; sourceTree = "<group>"; };
		B3FB5D381C444F75000C906F /* Info.plist */ = {isa = PBXFileReference; lastKnownFileType = text.plist.xml; path = Info.plist; sourceTree = "<group>"; };
/* End PBXFileReference section */

/* Begin PBXFrameworksBuildPhase section */
		B3FB5D261C444F75000C906F /* Frameworks */ = {
			isa = PBXFrameworksBuildPhase;
			buildActionMask = 2147483647;
			files = (
			);
			runOnlyForDeploymentPostprocessing = 0;
		};
/* End PBXFrameworksBuildPhase section */

/* Begin PBXGroup section */
		B3FB5D201C444F75000C906F = {
			isa = PBXGroup;
			children = (
				B3FB5D2B1C444F75000C906F /* MovieViewer */,
				B3FB5D2A1C444F75000C906F /* Products */,
			);
			sourceTree = "<group>";
		};
		B3FB5D2A1C444F75000C906F /* Products */ = {
			isa = PBXGroup;
			children = (
				B3FB5D291C444F75000C906F /* MovieViewer.app */,
			);
			name = Products;
			sourceTree = "<group>";
		};
		B3FB5D2B1C444F75000C906F /* MovieViewer */ = {
			isa = PBXGroup;
			children = (
				B3FB5D2C1C444F75000C906F /* AppDelegate.swift */,
				B3FB5D2E1C444F75000C906F /* ViewController.swift */,
				B3FB5D301C444F75000C906F /* Main.storyboard */,
				B3FB5D331C444F75000C906F /* Assets.xcassets */,
				B3FB5D351C444F75000C906F /* LaunchScreen.storyboard */,
				B3FB5D381C444F75000C906F /* Info.plist */,
			);
			path = MovieViewer;
			sourceTree = "<group>";
		};
/* End PBXGroup section */

/* Begin PBXNativeTarget section */
		B3FB5D281C444F75000C906F /* MovieViewer */ = {
			isa = PBXNativeTarget;
			buildConfigurationList = B3FB5D3B1C444F75000C906F /* Build configuration list for PBXNativeTarget "MovieViewer" */;
			buildPhases = (
				B3FB5D251C444F75000C906F /* Sources */,
				B3FB5D261C444F75000C906F /* Frameworks */,
				B3FB5D271C444F75000C906F /* Resources */,
			);
			buildRules = (
			);
			dependencies = (
			);
			name = MovieViewer;
			productName = MovieViewer;
			productReference = B3FB5D291C444F75000C906F /* MovieViewer.app */;
			productType = "com.apple.product-type.application";
		};
/* End PBXNativeTarget section */

/* Begin PBXProject section */
		B3FB5D211C444F75000C906F /* Project object */ = {
			isa = PBXProject;
			attributes = {
				LastSwiftUpdateCheck = 0720;
				LastUpgradeCheck = 0720;
				ORGANIZATIONNAME = "Jun Hao";
				TargetAttributes = {
					B3FB5D281C444F75000C906F = {
						CreatedOnToolsVersion = 7.2;
						DevelopmentTeam = AAN8J79S5G;
					};
				};
			};
			buildConfigurationList = B3FB5D241C444F75000C906F /* Build configuration list for PBXProject "MovieViewer" */;
			compatibilityVersion = "Xcode 3.2";
			developmentRegion = English;
			hasScannedForEncodings = 0;
			knownRegions = (
				en,
				Base,
			);
			mainGroup = B3FB5D201C444F75000C906F;
			productRefGroup = B3FB5D2A1C444F75000C906F /* Products */;
			projectDirPath = "";
			projectRoot = "";
			targets = (
				B3FB5D281C444F75000C906F /* MovieViewer */,
			);
		};
/* End PBXProject section */

/* Begin PBXResourcesBuildPhase section */
		B3FB5D271C444F75000C906F /* Resources */ = {
			isa = PBXResourcesBuildPhase;
			buildActionMask = 2147483647;
			files = (
				B3FB5D371C444F75000C906F /* LaunchScreen.storyboard in Resources */,
				B3FB5D341C444F75000C906F /* Assets.xcassets in Resources */,
				B3FB5D321C444F75000C906F /* Main.storyboard in Resources */,
			);
			runOnlyForDeploymentPostprocessing = 0;
		};
/* End PBXResourcesBuildPhase section */

/* Begin PBXSourcesBuildPhase section */
		B3FB5D251C444F75000C906F /* Sources */ = {
			isa = PBXSourcesBuildPhase;
			buildActionMask = 2147483647;
			files = (
				B3FB5D2F1C444F75000C906F /* ViewController.swift in Sources */,
				B3FB5D2D1C444F75000C906F /* AppDelegate.swift in Sources */,
			);
			runOnlyForDeploymentPostprocessing = 0;
		};
/* End PBXSourcesBuildPhase section */

/* Begin PBXVariantGroup section */
		B3FB5D301C444F75000C906F /* Main.storyboard */ = {
			isa = PBXVariantGroup;
			children = (
				B3FB5D311C444F75000C906F /* Base */,
			);
			name = Main.storyboard;
			sourceTree = "<group>";
		};
		B3FB5D351C444F75000C906F /* LaunchScreen.storyboard */ = {
			isa = PBXVariantGroup;
			children = (
				B3FB5D361C444F75000C906F /* Base */,
			);
			name = LaunchScreen.storyboard;
			sourceTree = "<group>";
		};
/* End PBXVariantGroup section */

/* Begin XCBuildConfiguration section */
		B3FB5D391C444F75000C906F /* Debug */ = {
			isa = XCBuildConfiguration;
			buildSettings = {
				ALWAYS_SEARCH_USER_PATHS = NO;
				CLANG_CXX_LANGUAGE_STANDARD = "gnu++0x";
				CLANG_CXX_LIBRARY = "libc++";
				CLANG_ENABLE_MODULES = YES;
				CLANG_ENABLE_OBJC_ARC = YES;
				CLANG_WARN_BOOL_CONVERSION = YES;
				CLANG_WARN_CONSTANT_CONVERSION = YES;
				CLANG_WARN_DIRECT_OBJC_ISA_USAGE = YES_ERROR;
				CLANG_WARN_EMPTY_BODY = YES;
				CLANG_WARN_ENUM_CONVERSION = YES;
				CLANG_WARN_INT_CONVERSION = YES;
				CLANG_WARN_OBJC_ROOT_CLASS = YES_ERROR;
				CLANG_WARN_UNREACHABLE_CODE = YES;
				CLANG_WARN__DUPLICATE_METHOD_MATCH = YES;
				"CODE_SIGN_IDENTITY[sdk=iphoneos*]" = "iPhone Developer";
				COPY_PHASE_STRIP = NO;
				DEBUG_INFORMATION_FORMAT = dwarf;
				ENABLE_STRICT_OBJC_MSGSEND = YES;
				ENABLE_TESTABILITY = YES;
				GCC_C_LANGUAGE_STANDARD = gnu99;
				GCC_DYNAMIC_NO_PIC = NO;
				GCC_NO_COMMON_BLOCKS = YES;
				GCC_OPTIMIZATION_LEVEL = 0;
				GCC_PREPROCESSOR_DEFINITIONS = (
					"DEBUG=1",
					"$(inherited)",
				);
				GCC_WARN_64_TO_32_BIT_CONVERSION = YES;
				GCC_WARN_ABOUT_RETURN_TYPE = YES_ERROR;
				GCC_WARN_UNDECLARED_SELECTOR = YES;
				GCC_WARN_UNINITIALIZED_AUTOS = YES_AGGRESSIVE;
				GCC_WARN_UNUSED_FUNCTION = YES;
				GCC_WARN_UNUSED_VARIABLE = YES;
				IPHONEOS_DEPLOYMENT_TARGET = 9.2;
				MTL_ENABLE_DEBUG_INFO = YES;
				ONLY_ACTIVE_ARCH = YES;
				SDKROOT = iphoneos;
				SWIFT_OPTIMIZATION_LEVEL = "-Onone";
				TARGETED_DEVICE_FAMILY = "1,2";
			};
			name = Debug;
		};
		B3FB5D3A1C444F75000C906F /* Release */ = {
			isa = XCBuildConfiguration;
			buildSettings = {
				ALWAYS_SEARCH_USER_PATHS = NO;
				CLANG_CXX_LANGUAGE_STANDARD = "gnu++0x";
				CLANG_CXX_LIBRARY = "libc++";
				CLANG_ENABLE_MODULES = YES;
				CLANG_ENABLE_OBJC_ARC = YES;
				CLANG_WARN_BOOL_CONVERSION = YES;
				CLANG_WARN_CONSTANT_CONVERSION = YES;
				CLANG_WARN_DIRECT_OBJC_ISA_USAGE = YES_ERROR;
				CLANG_WARN_EMPTY_BODY = YES;
				CLANG_WARN_ENUM_CONVERSION = YES;
				CLANG_WARN_INT_CONVERSION = YES;
				CLANG_WARN_OBJC_ROOT_CLASS = YES_ERROR;
				CLANG_WARN_UNREACHABLE_CODE = YES;
				CLANG_WARN__DUPLICATE_METHOD_MATCH = YES;
				"CODE_SIGN_IDENTITY[sdk=iphoneos*]" = "iPhone Developer";
				COPY_PHASE_STRIP = NO;
				DEBUG_INFORMATION_FORMAT = "dwarf-with-dsym";
				ENABLE_NS_ASSERTIONS = NO;
				ENABLE_STRICT_OBJC_MSGSEND = YES;
				GCC_C_LANGUAGE_STANDARD = gnu99;
				GCC_NO_COMMON_BLOCKS = YES;
				GCC_WARN_64_TO_32_BIT_CONVERSION = YES;
				GCC_WARN_ABOUT_RETURN_TYPE = YES_ERROR;
				GCC_WARN_UNDECLARED_SELECTOR = YES;
				GCC_WARN_UNINITIALIZED_AUTOS = YES_AGGRESSIVE;
				GCC_WARN_UNUSED_FUNCTION = YES;
				GCC_WARN_UNUSED_VARIABLE = YES;
				IPHONEOS_DEPLOYMENT_TARGET = 9.2;
				MTL_ENABLE_DEBUG_INFO = NO;
				SDKROOT = iphoneos;
				TARGETED_DEVICE_FAMILY = "1,2";
				VALIDATE_PRODUCT = YES;
			};
			name = Release;
		};
		B3FB5D3C1C444F75000C906F /* Debug */ = {
			isa = XCBuildConfiguration;
			buildSettings = {
				ASSETCATALOG_COMPILER_APPICON_NAME = AppIcon;
				INFOPLIST_FILE = MovieViewer/Info.plist;
				LD_RUNPATH_SEARCH_PATHS = "$(inherited) @executable_path/Frameworks";
				PRODUCT_BUNDLE_IDENTIFIER = Jun.MovieViewer;
				PRODUCT_NAME = "$(TARGET_NAME)";
			};
			name = Debug;
		};
		B3FB5D3D1C444F75000C906F /* Release */ = {
			isa = XCBuildConfiguration;
			buildSettings = {
				ASSETCATALOG_COMPILER_APPICON_NAME = AppIcon;
				INFOPLIST_FILE = MovieViewer/Info.plist;
				LD_RUNPATH_SEARCH_PATHS = "$(inherited) @executable_path/Frameworks";
				PRODUCT_BUNDLE_IDENTIFIER = Jun.MovieViewer;
				PRODUCT_NAME = "$(TARGET_NAME)";
			};
			name = Release;
		};
/* End XCBuildConfiguration section */

/* Begin XCConfigurationList section */
		B3FB5D241C444F75000C906F /* Build configuration list for PBXProject "MovieViewer" */ = {
			isa = XCConfigurationList;
			buildConfigurations = (
				B3FB5D391C444F75000C906F /* Debug */,
				B3FB5D3A1C444F75000C906F /* Release */,
			);
			defaultConfigurationIsVisible = 0;
			defaultConfigurationName = Release;
		};
		B3FB5D3B1C444F75000C906F /* Build configuration list for PBXNativeTarget "MovieViewer" */ = {
			isa = XCConfigurationList;
			buildConfigurations = (
				B3FB5D3C1C444F75000C906F /* Debug */,
				B3FB5D3D1C444F75000C906F /* Release */,
			);
			defaultConfigurationIsVisible = 0;
		};
/* End XCConfigurationList section */
	};
	rootObject = B3FB5D211C444F75000C906F /* Project object */;
}
